
Microsoft Visual Studio Solution File, Format Version 12.00
# Visual Studio Version 16
VisualStudioVersion = 16.0.30011.22
MinimumVisualStudioVersion = 10.0.40219.1
Project("{FAE04EC0-301F-11D3-BF4B-00C04F79EFBC}") = "MyPhone", "MyPhone\MyPhone.csproj", "{9CB1EC4F-CD1D-4895-AF85-A82C9A8892FD}"
EndProject
Project("{8BC9CEB8-8B4A-11D0-8D11-00A0C91BC942}") = "MyPhone.TrayApp", "MyPhone.TrayApp\MyPhone.TrayApp.vcxproj", "{BA1802FA-AE32-40D0-8100-78A4F98373EC}"
	ProjectSection(ProjectDependencies) = postProject
		{403D95B1-BFAC-45BA-A267-338A983AC2DB} = {403D95B1-BFAC-45BA-A267-338A983AC2DB}
	EndProjectSection
EndProject
Project("{C7167F0D-BC9F-4E6E-AFE1-012C56B48DB5}") = "PackageProject", "PackageProject\PackageProject.wapproj", "{0A9A0BAC-6BA0-4F20-9C0B-F4D83024AD0D}"
EndProject
Project("{8BC9CEB8-8B4A-11D0-8D11-00A0C91BC942}") = "MyPhone.TrayApp.XamlHost", "MyPhone.TrayApp.XamlHost\MyPhone.TrayApp.XamlHost.vcxproj", "{403D95B1-BFAC-45BA-A267-338A983AC2DB}"
EndProject
Project("{2150E333-8FDC-42A3-9474-1A3956D46DE8}") = "Solution Items", "Solution Items", "{60475304-8085-40E9-96D4-D7A3D400F621}"
	ProjectSection(SolutionItems) = preProject
		Solution.props = Solution.props
	EndProjectSection
EndProject
Project("{9A19103F-16F7-4668-BE54-9A1E7A4F7556}") = "MyPhone.Demo", "MyPhone.Demo\MyPhone.Demo.csproj", "{C2A871A0-9940-48B9-A684-B7102F1B7B7B}"
EndProject
Project("{FAE04EC0-301F-11D3-BF4B-00C04F79EFBC}") = "MyPhone.OBEX", "MyPhone.OBEX\MyPhone.OBEX.csproj", "{10349EC2-9A05-4345-9E6F-26BC94A9EFC9}"
EndProject
Global
	GlobalSection(SolutionConfigurationPlatforms) = preSolution
		Debug|Any CPU = Debug|Any CPU
		Debug|ARM = Debug|ARM
		Debug|ARM64 = Debug|ARM64
		Debug|x64 = Debug|x64
		Debug|x86 = Debug|x86
		Release|Any CPU = Release|Any CPU
		Release|ARM = Release|ARM
		Release|ARM64 = Release|ARM64
		Release|x64 = Release|x64
		Release|x86 = Release|x86
	EndGlobalSection
	GlobalSection(ProjectConfigurationPlatforms) = postSolution
		{9CB1EC4F-CD1D-4895-AF85-A82C9A8892FD}.Debug|Any CPU.ActiveCfg = Debug|x86
		{9CB1EC4F-CD1D-4895-AF85-A82C9A8892FD}.Debug|ARM.ActiveCfg = Debug|ARM
		{9CB1EC4F-CD1D-4895-AF85-A82C9A8892FD}.Debug|ARM.Build.0 = Debug|ARM
		{9CB1EC4F-CD1D-4895-AF85-A82C9A8892FD}.Debug|ARM.Deploy.0 = Debug|ARM
		{9CB1EC4F-CD1D-4895-AF85-A82C9A8892FD}.Debug|ARM64.ActiveCfg = Debug|ARM64
		{9CB1EC4F-CD1D-4895-AF85-A82C9A8892FD}.Debug|ARM64.Build.0 = Debug|ARM64
		{9CB1EC4F-CD1D-4895-AF85-A82C9A8892FD}.Debug|ARM64.Deploy.0 = Debug|ARM64
		{9CB1EC4F-CD1D-4895-AF85-A82C9A8892FD}.Debug|x64.ActiveCfg = Debug|x64
		{9CB1EC4F-CD1D-4895-AF85-A82C9A8892FD}.Debug|x64.Build.0 = Debug|x64
		{9CB1EC4F-CD1D-4895-AF85-A82C9A8892FD}.Debug|x64.Deploy.0 = Debug|x64
		{9CB1EC4F-CD1D-4895-AF85-A82C9A8892FD}.Debug|x86.ActiveCfg = Debug|x86
		{9CB1EC4F-CD1D-4895-AF85-A82C9A8892FD}.Debug|x86.Build.0 = Debug|x86
		{9CB1EC4F-CD1D-4895-AF85-A82C9A8892FD}.Debug|x86.Deploy.0 = Debug|x86
		{9CB1EC4F-CD1D-4895-AF85-A82C9A8892FD}.Release|Any CPU.ActiveCfg = Release|x86
		{9CB1EC4F-CD1D-4895-AF85-A82C9A8892FD}.Release|ARM.ActiveCfg = Release|ARM
		{9CB1EC4F-CD1D-4895-AF85-A82C9A8892FD}.Release|ARM.Build.0 = Release|ARM
		{9CB1EC4F-CD1D-4895-AF85-A82C9A8892FD}.Release|ARM.Deploy.0 = Release|ARM
		{9CB1EC4F-CD1D-4895-AF85-A82C9A8892FD}.Release|ARM64.ActiveCfg = Release|ARM64
		{9CB1EC4F-CD1D-4895-AF85-A82C9A8892FD}.Release|ARM64.Build.0 = Release|ARM64
		{9CB1EC4F-CD1D-4895-AF85-A82C9A8892FD}.Release|ARM64.Deploy.0 = Release|ARM64
		{9CB1EC4F-CD1D-4895-AF85-A82C9A8892FD}.Release|x64.ActiveCfg = Release|x64
		{9CB1EC4F-CD1D-4895-AF85-A82C9A8892FD}.Release|x64.Build.0 = Release|x64
		{9CB1EC4F-CD1D-4895-AF85-A82C9A8892FD}.Release|x64.Deploy.0 = Release|x64
		{9CB1EC4F-CD1D-4895-AF85-A82C9A8892FD}.Release|x86.ActiveCfg = Release|x86
		{9CB1EC4F-CD1D-4895-AF85-A82C9A8892FD}.Release|x86.Build.0 = Release|x86
		{9CB1EC4F-CD1D-4895-AF85-A82C9A8892FD}.Release|x86.Deploy.0 = Release|x86
		{BA1802FA-AE32-40D0-8100-78A4F98373EC}.Debug|Any CPU.ActiveCfg = Debug|Win32
		{BA1802FA-AE32-40D0-8100-78A4F98373EC}.Debug|ARM.ActiveCfg = Debug|Win32
		{BA1802FA-AE32-40D0-8100-78A4F98373EC}.Debug|ARM64.ActiveCfg = Debug|Win32
		{BA1802FA-AE32-40D0-8100-78A4F98373EC}.Debug|x64.ActiveCfg = Debug|x64
		{BA1802FA-AE32-40D0-8100-78A4F98373EC}.Debug|x64.Build.0 = Debug|x64
		{BA1802FA-AE32-40D0-8100-78A4F98373EC}.Debug|x86.ActiveCfg = Debug|Win32
		{BA1802FA-AE32-40D0-8100-78A4F98373EC}.Debug|x86.Build.0 = Debug|Win32
		{BA1802FA-AE32-40D0-8100-78A4F98373EC}.Release|Any CPU.ActiveCfg = Release|Win32
		{BA1802FA-AE32-40D0-8100-78A4F98373EC}.Release|ARM.ActiveCfg = Release|Win32
		{BA1802FA-AE32-40D0-8100-78A4F98373EC}.Release|ARM64.ActiveCfg = Release|Win32
		{BA1802FA-AE32-40D0-8100-78A4F98373EC}.Release|x64.ActiveCfg = Release|x64
		{BA1802FA-AE32-40D0-8100-78A4F98373EC}.Release|x64.Build.0 = Release|x64
		{BA1802FA-AE32-40D0-8100-78A4F98373EC}.Release|x86.ActiveCfg = Release|Win32
		{BA1802FA-AE32-40D0-8100-78A4F98373EC}.Release|x86.Build.0 = Release|Win32
		{0A9A0BAC-6BA0-4F20-9C0B-F4D83024AD0D}.Debug|Any CPU.ActiveCfg = Debug|Any CPU
		{0A9A0BAC-6BA0-4F20-9C0B-F4D83024AD0D}.Debug|Any CPU.Build.0 = Debug|Any CPU
		{0A9A0BAC-6BA0-4F20-9C0B-F4D83024AD0D}.Debug|Any CPU.Deploy.0 = Debug|Any CPU
		{0A9A0BAC-6BA0-4F20-9C0B-F4D83024AD0D}.Debug|ARM.ActiveCfg = Debug|ARM
		{0A9A0BAC-6BA0-4F20-9C0B-F4D83024AD0D}.Debug|ARM.Build.0 = Debug|ARM
		{0A9A0BAC-6BA0-4F20-9C0B-F4D83024AD0D}.Debug|ARM.Deploy.0 = Debug|ARM
		{0A9A0BAC-6BA0-4F20-9C0B-F4D83024AD0D}.Debug|ARM64.ActiveCfg = Debug|ARM64
		{0A9A0BAC-6BA0-4F20-9C0B-F4D83024AD0D}.Debug|ARM64.Build.0 = Debug|ARM64
		{0A9A0BAC-6BA0-4F20-9C0B-F4D83024AD0D}.Debug|ARM64.Deploy.0 = Debug|ARM64
		{0A9A0BAC-6BA0-4F20-9C0B-F4D83024AD0D}.Debug|x64.ActiveCfg = Debug|x64
		{0A9A0BAC-6BA0-4F20-9C0B-F4D83024AD0D}.Debug|x64.Build.0 = Debug|x64
		{0A9A0BAC-6BA0-4F20-9C0B-F4D83024AD0D}.Debug|x64.Deploy.0 = Debug|x64
		{0A9A0BAC-6BA0-4F20-9C0B-F4D83024AD0D}.Debug|x86.ActiveCfg = Debug|x86
		{0A9A0BAC-6BA0-4F20-9C0B-F4D83024AD0D}.Debug|x86.Build.0 = Debug|x86
		{0A9A0BAC-6BA0-4F20-9C0B-F4D83024AD0D}.Debug|x86.Deploy.0 = Debug|x86
		{0A9A0BAC-6BA0-4F20-9C0B-F4D83024AD0D}.Release|Any CPU.ActiveCfg = Release|Any CPU
		{0A9A0BAC-6BA0-4F20-9C0B-F4D83024AD0D}.Release|Any CPU.Build.0 = Release|Any CPU
		{0A9A0BAC-6BA0-4F20-9C0B-F4D83024AD0D}.Release|Any CPU.Deploy.0 = Release|Any CPU
		{0A9A0BAC-6BA0-4F20-9C0B-F4D83024AD0D}.Release|ARM.ActiveCfg = Release|ARM
		{0A9A0BAC-6BA0-4F20-9C0B-F4D83024AD0D}.Release|ARM.Build.0 = Release|ARM
		{0A9A0BAC-6BA0-4F20-9C0B-F4D83024AD0D}.Release|ARM.Deploy.0 = Release|ARM
		{0A9A0BAC-6BA0-4F20-9C0B-F4D83024AD0D}.Release|ARM64.ActiveCfg = Release|ARM64
		{0A9A0BAC-6BA0-4F20-9C0B-F4D83024AD0D}.Release|ARM64.Build.0 = Release|ARM64
		{0A9A0BAC-6BA0-4F20-9C0B-F4D83024AD0D}.Release|ARM64.Deploy.0 = Release|ARM64
		{0A9A0BAC-6BA0-4F20-9C0B-F4D83024AD0D}.Release|x64.ActiveCfg = Release|x64
		{0A9A0BAC-6BA0-4F20-9C0B-F4D83024AD0D}.Release|x64.Build.0 = Release|x64
		{0A9A0BAC-6BA0-4F20-9C0B-F4D83024AD0D}.Release|x64.Deploy.0 = Release|x64
		{0A9A0BAC-6BA0-4F20-9C0B-F4D83024AD0D}.Release|x86.ActiveCfg = Release|x86
		{0A9A0BAC-6BA0-4F20-9C0B-F4D83024AD0D}.Release|x86.Build.0 = Release|x86
		{0A9A0BAC-6BA0-4F20-9C0B-F4D83024AD0D}.Release|x86.Deploy.0 = Release|x86
		{403D95B1-BFAC-45BA-A267-338A983AC2DB}.Debug|Any CPU.ActiveCfg = Debug|Win32
		{403D95B1-BFAC-45BA-A267-338A983AC2DB}.Debug|ARM.ActiveCfg = Debug|ARM
		{403D95B1-BFAC-45BA-A267-338A983AC2DB}.Debug|ARM.Build.0 = Debug|ARM
		{403D95B1-BFAC-45BA-A267-338A983AC2DB}.Debug|ARM.Deploy.0 = Debug|ARM
		{403D95B1-BFAC-45BA-A267-338A983AC2DB}.Debug|ARM64.ActiveCfg = Debug|ARM64
		{403D95B1-BFAC-45BA-A267-338A983AC2DB}.Debug|ARM64.Build.0 = Debug|ARM64
		{403D95B1-BFAC-45BA-A267-338A983AC2DB}.Debug|ARM64.Deploy.0 = Debug|ARM64
		{403D95B1-BFAC-45BA-A267-338A983AC2DB}.Debug|x64.ActiveCfg = Debug|x64
		{403D95B1-BFAC-45BA-A267-338A983AC2DB}.Debug|x64.Build.0 = Debug|x64
		{403D95B1-BFAC-45BA-A267-338A983AC2DB}.Debug|x64.Deploy.0 = Debug|x64
		{403D95B1-BFAC-45BA-A267-338A983AC2DB}.Debug|x86.ActiveCfg = Debug|Win32
		{403D95B1-BFAC-45BA-A267-338A983AC2DB}.Debug|x86.Build.0 = Debug|Win32
		{403D95B1-BFAC-45BA-A267-338A983AC2DB}.Debug|x86.Deploy.0 = Debug|Win32
		{403D95B1-BFAC-45BA-A267-338A983AC2DB}.Release|Any CPU.ActiveCfg = Release|Win32
		{403D95B1-BFAC-45BA-A267-338A983AC2DB}.Release|ARM.ActiveCfg = Release|ARM
		{403D95B1-BFAC-45BA-A267-338A983AC2DB}.Release|ARM.Build.0 = Release|ARM
		{403D95B1-BFAC-45BA-A267-338A983AC2DB}.Release|ARM.Deploy.0 = Release|ARM
		{403D95B1-BFAC-45BA-A267-338A983AC2DB}.Release|ARM64.ActiveCfg = Release|ARM64
		{403D95B1-BFAC-45BA-A267-338A983AC2DB}.Release|ARM64.Build.0 = Release|ARM64
		{403D95B1-BFAC-45BA-A267-338A983AC2DB}.Release|ARM64.Deploy.0 = Release|ARM64
		{403D95B1-BFAC-45BA-A267-338A983AC2DB}.Release|x64.ActiveCfg = Release|x64
		{403D95B1-BFAC-45BA-A267-338A983AC2DB}.Release|x64.Build.0 = Release|x64
		{403D95B1-BFAC-45BA-A267-338A983AC2DB}.Release|x64.Deploy.0 = Release|x64
		{403D95B1-BFAC-45BA-A267-338A983AC2DB}.Release|x86.ActiveCfg = Release|Win32
		{403D95B1-BFAC-45BA-A267-338A983AC2DB}.Release|x86.Build.0 = Release|Win32
		{403D95B1-BFAC-45BA-A267-338A983AC2DB}.Release|x86.Deploy.0 = Release|Win32
		{C2A871A0-9940-48B9-A684-B7102F1B7B7B}.Debug|Any CPU.ActiveCfg = Debug|Any CPU
		{C2A871A0-9940-48B9-A684-B7102F1B7B7B}.Debug|Any CPU.Build.0 = Debug|Any CPU
		{C2A871A0-9940-48B9-A684-B7102F1B7B7B}.Debug|ARM.ActiveCfg = Debug|Any CPU
		{C2A871A0-9940-48B9-A684-B7102F1B7B7B}.Debug|ARM.Build.0 = Debug|Any CPU
		{C2A871A0-9940-48B9-A684-B7102F1B7B7B}.Debug|ARM64.ActiveCfg = Debug|Any CPU
		{C2A871A0-9940-48B9-A684-B7102F1B7B7B}.Debug|ARM64.Build.0 = Debug|Any CPU
		{C2A871A0-9940-48B9-A684-B7102F1B7B7B}.Debug|x64.ActiveCfg = Debug|Any CPU
		{C2A871A0-9940-48B9-A684-B7102F1B7B7B}.Debug|x64.Build.0 = Debug|Any CPU
		{C2A871A0-9940-48B9-A684-B7102F1B7B7B}.Debug|x86.ActiveCfg = Debug|Any CPU
		{C2A871A0-9940-48B9-A684-B7102F1B7B7B}.Debug|x86.Build.0 = Debug|Any CPU
		{C2A871A0-9940-48B9-A684-B7102F1B7B7B}.Release|Any CPU.ActiveCfg = Release|Any CPU
		{C2A871A0-9940-48B9-A684-B7102F1B7B7B}.Release|Any CPU.Build.0 = Release|Any CPU
		{C2A871A0-9940-48B9-A684-B7102F1B7B7B}.Release|ARM.ActiveCfg = Release|Any CPU
		{C2A871A0-9940-48B9-A684-B7102F1B7B7B}.Release|ARM.Build.0 = Release|Any CPU
		{C2A871A0-9940-48B9-A684-B7102F1B7B7B}.Release|ARM64.ActiveCfg = Release|Any CPU
		{C2A871A0-9940-48B9-A684-B7102F1B7B7B}.Release|ARM64.Build.0 = Release|Any CPU
		{C2A871A0-9940-48B9-A684-B7102F1B7B7B}.Release|x64.ActiveCfg = Release|Any CPU
		{C2A871A0-9940-48B9-A684-B7102F1B7B7B}.Release|x64.Build.0 = Release|Any CPU
		{C2A871A0-9940-48B9-A684-B7102F1B7B7B}.Release|x86.ActiveCfg = Release|Any CPU
		{C2A871A0-9940-48B9-A684-B7102F1B7B7B}.Release|x86.Build.0 = Release|Any CPU
		{10349EC2-9A05-4345-9E6F-26BC94A9EFC9}.Debug|Any CPU.ActiveCfg = Debug|Any CPU
		{10349EC2-9A05-4345-9E6F-26BC94A9EFC9}.Debug|Any CPU.Build.0 = Debug|Any CPU
		{10349EC2-9A05-4345-9E6F-26BC94A9EFC9}.Debug|ARM.ActiveCfg = Debug|Any CPU
		{10349EC2-9A05-4345-9E6F-26BC94A9EFC9}.Debug|ARM.Build.0 = Debug|Any CPU
		{10349EC2-9A05-4345-9E6F-26BC94A9EFC9}.Debug|ARM64.ActiveCfg = Debug|Any CPU
		{10349EC2-9A05-4345-9E6F-26BC94A9EFC9}.Debug|ARM64.Build.0 = Debug|Any CPU
		{10349EC2-9A05-4345-9E6F-26BC94A9EFC9}.Debug|x64.ActiveCfg = Debug|Any CPU
		{10349EC2-9A05-4345-9E6F-26BC94A9EFC9}.Debug|x64.Build.0 = Debug|Any CPU
		{10349EC2-9A05-4345-9E6F-26BC94A9EFC9}.Debug|x86.ActiveCfg = Debug|Any CPU
		{10349EC2-9A05-4345-9E6F-26BC94A9EFC9}.Debug|x86.Build.0 = Debug|Any CPU
		{10349EC2-9A05-4345-9E6F-26BC94A9EFC9}.Release|Any CPU.ActiveCfg = Release|Any CPU
		{10349EC2-9A05-4345-9E6F-26BC94A9EFC9}.Release|Any CPU.Build.0 = Release|Any CPU
		{10349EC2-9A05-4345-9E6F-26BC94A9EFC9}.Release|ARM.ActiveCfg = Release|Any CPU
		{10349EC2-9A05-4345-9E6F-26BC94A9EFC9}.Release|ARM.Build.0 = Release|Any CPU
		{10349EC2-9A05-4345-9E6F-26BC94A9EFC9}.Release|ARM64.ActiveCfg = Release|Any CPU
		{10349EC2-9A05-4345-9E6F-26BC94A9EFC9}.Release|ARM64.Build.0 = Release|Any CPU
		{10349EC2-9A05-4345-9E6F-26BC94A9EFC9}.Release|x64.ActiveCfg = Release|Any CPU
		{10349EC2-9A05-4345-9E6F-26BC94A9EFC9}.Release|x64.Build.0 = Release|Any CPU
		{10349EC2-9A05-4345-9E6F-26BC94A9EFC9}.Release|x86.ActiveCfg = Release|Any CPU
		{10349EC2-9A05-4345-9E6F-26BC94A9EFC9}.Release|x86.Build.0 = Release|Any CPU
	EndGlobalSection
	GlobalSection(SolutionProperties) = preSolution
		HideSolutionNode = FALSE
	EndGlobalSection
	GlobalSection(ExtensibilityGlobals) = postSolution
		SolutionGuid = {8ED7E19A-F088-491F-ACEA-A37E67DE348A}
	EndGlobalSection
EndGlobal
